
Microsoft Visual Studio Solution File, Format Version 12.00
# Visual Studio 15
VisualStudioVersion = 15.0.28307.489
MinimumVisualStudioVersion = 10.0.40219.1
Project("{FAE04EC0-301F-11D3-BF4B-00C04F79EFBC}") = "MachinePCIWebAPIService", "MachinePCIWebAPIService\MachinePCIWebAPIService.csproj", "{DD1A93E2-2E6F-4A89-8FA9-155E971B786A}"
EndProject
Global
	GlobalSection(SolutionConfigurationPlatforms) = preSolution
		Debug|Any CPU = Debug|Any CPU
		Release|Any CPU = Release|Any CPU
	EndGlobalSection
	GlobalSection(ProjectConfigurationPlatforms) = postSolution
		{DD1A93E2-2E6F-4A89-8FA9-155E971B786A}.Debug|Any CPU.ActiveCfg = Debug|Any CPU
		{DD1A93E2-2E6F-4A89-8FA9-155E971B786A}.Debug|Any CPU.Build.0 = Debug|Any CPU
		{DD1A93E2-2E6F-4A89-8FA9-155E971B786A}.Release|Any CPU.ActiveCfg = Release|Any CPU
		{DD1A93E2-2E6F-4A89-8FA9-155E971B786A}.Release|Any CPU.Build.0 = Release|Any CPU
	EndGlobalSection
	GlobalSection(SolutionProperties) = preSolution
		HideSolutionNode = FALSE
	EndGlobalSection
	GlobalSection(ExtensibilityGlobals) = postSolution
		SolutionGuid = {A903C9BD-D861-4D00-BB7E-AD033DE9780E}
	EndGlobalSection
EndGlobal
